
Microsoft Visual Studio Solution File, Format Version 12.00
# Visual Studio Version 17
VisualStudioVersion = 17.3.32825.248
MinimumVisualStudioVersion = 10.0.40219.1
Project("{8BC9CEB8-8B4A-11D0-8D11-00A0C91BC942}") = "20220920multifile", "20220920multifile\20220920multifile.vcxproj", "{417F76EF-FC11-41CE-85E2-73443A3465A5}"
EndProject
Project("{8BC9CEB8-8B4A-11D0-8D11-00A0C91BC942}") = "20220920functioncall", "20220920functioncall\20220920functioncall.vcxproj", "{DED66B62-2475-4520-9FEB-7D30F144E490}"
EndProject
Project("{8BC9CEB8-8B4A-11D0-8D11-00A0C91BC942}") = "20220913", "20220913\20220913.vcxproj", "{A1B2680A-6F0B-4945-8B5F-33CD087F4C31}"
EndProject
Project("{8BC9CEB8-8B4A-11D0-8D11-00A0C91BC942}") = "20220920assembly", "20220920assembly\20220920assembly.vcxproj", "{C75EB328-1605-4E0D-BAE4-7D4473C27C57}"
EndProject
Project("{8BC9CEB8-8B4A-11D0-8D11-00A0C91BC942}") = "20220927CReview", "20220927CReview\20220927CReview.vcxproj", "{72DC3DCE-0D2F-44B0-B872-B077BC73749F}"
EndProject
Project("{8BC9CEB8-8B4A-11D0-8D11-00A0C91BC942}") = "20220927LinkedList", "20220927LinkedList\20220927LinkedList.vcxproj", "{D7FF299A-DFD1-42AD-8CAE-7CBBC209EA10}"
EndProject
Project("{8BC9CEB8-8B4A-11D0-8D11-00A0C91BC942}") = "20221004LinkedList", "20221004LinkedList\20221004LinkedList.vcxproj", "{E88D79DA-5ABD-47E5-851D-EDF05B3B7A50}"
EndProject
Project("{8BC9CEB8-8B4A-11D0-8D11-00A0C91BC942}") = "20221004multithreadedprogramming", "20221004multithreadedprogramming\20221004multithreadedprogramming.vcxproj", "{93751313-0483-4EC0-AA60-05EF716A44BE}"
EndProject
Project("{8BC9CEB8-8B4A-11D0-8D11-00A0C91BC942}") = "20221011multithreadprogramming", "20221011multithreadprogramming\20221011multithreadprogramming.vcxproj", "{52FB5533-3610-402C-816B-5FE62559B8DD}"
EndProject
Project("{8BC9CEB8-8B4A-11D0-8D11-00A0C91BC942}") = "20221011multiThreadProg", "20221011multiThreadProg\20221011multiThreadProg.vcxproj", "{45F7FB47-7512-4D85-836D-3942062F7BC7}"
EndProject
Project("{8BC9CEB8-8B4A-11D0-8D11-00A0C91BC942}") = "20221018multiThread", "20221018multiThread\20221018multiThread.vcxproj", "{34E300CA-E030-4B82-985F-E74EED1D7C6A}"
EndProject
Project("{8BC9CEB8-8B4A-11D0-8D11-00A0C91BC942}") = "20221101multi", "20221101multi\20221101multi.vcxproj", "{608114F3-D339-4BA2-B32B-CED896D60983}"
EndProject
Project("{8BC9CEB8-8B4A-11D0-8D11-00A0C91BC942}") = "20221101newlinkedlist", "20221101newlinkedlist\20221101newlinkedlist.vcxproj", "{92BACAE9-2DA0-4E5A-ABD7-337F01051962}"
EndProject
Project("{8BC9CEB8-8B4A-11D0-8D11-00A0C91BC942}") = "20221101criticalsection", "20221101criticalsection\20221101criticalsection.vcxproj", "{DFD8BB4C-78F1-409F-B838-9E35E8211B11}"
EndProject
Project("{8BC9CEB8-8B4A-11D0-8D11-00A0C91BC942}") = "20221101mutex", "20221101mutex\20221101mutex.vcxproj", "{D90F9303-6691-49E9-B1F0-F42025236F47}"
EndProject
Project("{8BC9CEB8-8B4A-11D0-8D11-00A0C91BC942}") = "20221108samethread", "20221108samethread\20221108samethread.vcxproj", "{5BF7AAF6-E249-4260-A6DD-99B429EFC03F}"
EndProject
Project("{8BC9CEB8-8B4A-11D0-8D11-00A0C91BC942}") = "20221108Deadlock", "20221108Deadlock\20221108Deadlock.vcxproj", "{5F4E1F0A-8118-4374-BC9D-D53B7D59A3FF}"
EndProject
Project("{8BC9CEB8-8B4A-11D0-8D11-00A0C91BC942}") = "20221108Semaphore", "20221108Semaphore\20221108Semaphore.vcxproj", "{0F226948-E602-4A75-8B59-83A8B94C32BE}"
EndProject
Project("{8BC9CEB8-8B4A-11D0-8D11-00A0C91BC942}") = "20221108EventObjects", "20221108EventObjects\20221108EventObjects.vcxproj", "{7691CEE5-06DE-4158-AAE4-FE3CB1B1B0E8}"
EndProject
Global
	GlobalSection(SolutionConfigurationPlatforms) = preSolution
		Debug|x64 = Debug|x64
		Debug|x86 = Debug|x86
		Release|x64 = Release|x64
		Release|x86 = Release|x86
	EndGlobalSection
	GlobalSection(ProjectConfigurationPlatforms) = postSolution
		{417F76EF-FC11-41CE-85E2-73443A3465A5}.Debug|x64.ActiveCfg = Debug|x64
		{417F76EF-FC11-41CE-85E2-73443A3465A5}.Debug|x64.Build.0 = Debug|x64
		{417F76EF-FC11-41CE-85E2-73443A3465A5}.Debug|x86.ActiveCfg = Debug|Win32
		{417F76EF-FC11-41CE-85E2-73443A3465A5}.Debug|x86.Build.0 = Debug|Win32
		{417F76EF-FC11-41CE-85E2-73443A3465A5}.Release|x64.ActiveCfg = Release|x64
		{417F76EF-FC11-41CE-85E2-73443A3465A5}.Release|x64.Build.0 = Release|x64
		{417F76EF-FC11-41CE-85E2-73443A3465A5}.Release|x86.ActiveCfg = Release|Win32
		{417F76EF-FC11-41CE-85E2-73443A3465A5}.Release|x86.Build.0 = Release|Win32
		{DED66B62-2475-4520-9FEB-7D30F144E490}.Debug|x64.ActiveCfg = Debug|x64
		{DED66B62-2475-4520-9FEB-7D30F144E490}.Debug|x64.Build.0 = Debug|x64
		{DED66B62-2475-4520-9FEB-7D30F144E490}.Debug|x86.ActiveCfg = Debug|Win32
		{DED66B62-2475-4520-9FEB-7D30F144E490}.Debug|x86.Build.0 = Debug|Win32
		{DED66B62-2475-4520-9FEB-7D30F144E490}.Release|x64.ActiveCfg = Release|x64
		{DED66B62-2475-4520-9FEB-7D30F144E490}.Release|x64.Build.0 = Release|x64
		{DED66B62-2475-4520-9FEB-7D30F144E490}.Release|x86.ActiveCfg = Release|Win32
		{DED66B62-2475-4520-9FEB-7D30F144E490}.Release|x86.Build.0 = Release|Win32
		{A1B2680A-6F0B-4945-8B5F-33CD087F4C31}.Debug|x64.ActiveCfg = Debug|x64
		{A1B2680A-6F0B-4945-8B5F-33CD087F4C31}.Debug|x64.Build.0 = Debug|x64
		{A1B2680A-6F0B-4945-8B5F-33CD087F4C31}.Debug|x86.ActiveCfg = Debug|Win32
		{A1B2680A-6F0B-4945-8B5F-33CD087F4C31}.Debug|x86.Build.0 = Debug|Win32
		{A1B2680A-6F0B-4945-8B5F-33CD087F4C31}.Release|x64.ActiveCfg = Release|x64
		{A1B2680A-6F0B-4945-8B5F-33CD087F4C31}.Release|x64.Build.0 = Release|x64
		{A1B2680A-6F0B-4945-8B5F-33CD087F4C31}.Release|x86.ActiveCfg = Release|Win32
		{A1B2680A-6F0B-4945-8B5F-33CD087F4C31}.Release|x86.Build.0 = Release|Win32
		{C75EB328-1605-4E0D-BAE4-7D4473C27C57}.Debug|x64.ActiveCfg = Debug|x64
		{C75EB328-1605-4E0D-BAE4-7D4473C27C57}.Debug|x64.Build.0 = Debug|x64
		{C75EB328-1605-4E0D-BAE4-7D4473C27C57}.Debug|x86.ActiveCfg = Debug|Win32
		{C75EB328-1605-4E0D-BAE4-7D4473C27C57}.Debug|x86.Build.0 = Debug|Win32
		{C75EB328-1605-4E0D-BAE4-7D4473C27C57}.Release|x64.ActiveCfg = Release|x64
		{C75EB328-1605-4E0D-BAE4-7D4473C27C57}.Release|x64.Build.0 = Release|x64
		{C75EB328-1605-4E0D-BAE4-7D4473C27C57}.Release|x86.ActiveCfg = Release|Win32
		{C75EB328-1605-4E0D-BAE4-7D4473C27C57}.Release|x86.Build.0 = Release|Win32
		{72DC3DCE-0D2F-44B0-B872-B077BC73749F}.Debug|x64.ActiveCfg = Debug|x64
		{72DC3DCE-0D2F-44B0-B872-B077BC73749F}.Debug|x64.Build.0 = Debug|x64
		{72DC3DCE-0D2F-44B0-B872-B077BC73749F}.Debug|x86.ActiveCfg = Debug|Win32
		{72DC3DCE-0D2F-44B0-B872-B077BC73749F}.Debug|x86.Build.0 = Debug|Win32
		{72DC3DCE-0D2F-44B0-B872-B077BC73749F}.Release|x64.ActiveCfg = Release|x64
		{72DC3DCE-0D2F-44B0-B872-B077BC73749F}.Release|x64.Build.0 = Release|x64
		{72DC3DCE-0D2F-44B0-B872-B077BC73749F}.Release|x86.ActiveCfg = Release|Win32
		{72DC3DCE-0D2F-44B0-B872-B077BC73749F}.Release|x86.Build.0 = Release|Win32
		{D7FF299A-DFD1-42AD-8CAE-7CBBC209EA10}.Debug|x64.ActiveCfg = Debug|x64
		{D7FF299A-DFD1-42AD-8CAE-7CBBC209EA10}.Debug|x64.Build.0 = Debug|x64
		{D7FF299A-DFD1-42AD-8CAE-7CBBC209EA10}.Debug|x86.ActiveCfg = Debug|Win32
		{D7FF299A-DFD1-42AD-8CAE-7CBBC209EA10}.Debug|x86.Build.0 = Debug|Win32
		{D7FF299A-DFD1-42AD-8CAE-7CBBC209EA10}.Release|x64.ActiveCfg = Release|x64
		{D7FF299A-DFD1-42AD-8CAE-7CBBC209EA10}.Release|x64.Build.0 = Release|x64
		{D7FF299A-DFD1-42AD-8CAE-7CBBC209EA10}.Release|x86.ActiveCfg = Release|Win32
		{D7FF299A-DFD1-42AD-8CAE-7CBBC209EA10}.Release|x86.Build.0 = Release|Win32
		{E88D79DA-5ABD-47E5-851D-EDF05B3B7A50}.Debug|x64.ActiveCfg = Debug|x64
		{E88D79DA-5ABD-47E5-851D-EDF05B3B7A50}.Debug|x64.Build.0 = Debug|x64
		{E88D79DA-5ABD-47E5-851D-EDF05B3B7A50}.Debug|x86.ActiveCfg = Debug|Win32
		{E88D79DA-5ABD-47E5-851D-EDF05B3B7A50}.Debug|x86.Build.0 = Debug|Win32
		{E88D79DA-5ABD-47E5-851D-EDF05B3B7A50}.Release|x64.ActiveCfg = Release|x64
		{E88D79DA-5ABD-47E5-851D-EDF05B3B7A50}.Release|x64.Build.0 = Release|x64
		{E88D79DA-5ABD-47E5-851D-EDF05B3B7A50}.Release|x86.ActiveCfg = Release|Win32
		{E88D79DA-5ABD-47E5-851D-EDF05B3B7A50}.Release|x86.Build.0 = Release|Win32
		{93751313-0483-4EC0-AA60-05EF716A44BE}.Debug|x64.ActiveCfg = Debug|x64
		{93751313-0483-4EC0-AA60-05EF716A44BE}.Debug|x64.Build.0 = Debug|x64
		{93751313-0483-4EC0-AA60-05EF716A44BE}.Debug|x86.ActiveCfg = Debug|Win32
		{93751313-0483-4EC0-AA60-05EF716A44BE}.Debug|x86.Build.0 = Debug|Win32
		{93751313-0483-4EC0-AA60-05EF716A44BE}.Release|x64.ActiveCfg = Release|x64
		{93751313-0483-4EC0-AA60-05EF716A44BE}.Release|x64.Build.0 = Release|x64
		{93751313-0483-4EC0-AA60-05EF716A44BE}.Release|x86.ActiveCfg = Release|Win32
		{93751313-0483-4EC0-AA60-05EF716A44BE}.Release|x86.Build.0 = Release|Win32
		{52FB5533-3610-402C-816B-5FE62559B8DD}.Debug|x64.ActiveCfg = Debug|x64
		{52FB5533-3610-402C-816B-5FE62559B8DD}.Debug|x64.Build.0 = Debug|x64
		{52FB5533-3610-402C-816B-5FE62559B8DD}.Debug|x86.ActiveCfg = Debug|Win32
		{52FB5533-3610-402C-816B-5FE62559B8DD}.Debug|x86.Build.0 = Debug|Win32
		{52FB5533-3610-402C-816B-5FE62559B8DD}.Release|x64.ActiveCfg = Release|x64
		{52FB5533-3610-402C-816B-5FE62559B8DD}.Release|x64.Build.0 = Release|x64
		{52FB5533-3610-402C-816B-5FE62559B8DD}.Release|x86.ActiveCfg = Release|Win32
		{52FB5533-3610-402C-816B-5FE62559B8DD}.Release|x86.Build.0 = Release|Win32
		{45F7FB47-7512-4D85-836D-3942062F7BC7}.Debug|x64.ActiveCfg = Debug|x64
		{45F7FB47-7512-4D85-836D-3942062F7BC7}.Debug|x64.Build.0 = Debug|x64
		{45F7FB47-7512-4D85-836D-3942062F7BC7}.Debug|x86.ActiveCfg = Debug|Win32
		{45F7FB47-7512-4D85-836D-3942062F7BC7}.Debug|x86.Build.0 = Debug|Win32
		{45F7FB47-7512-4D85-836D-3942062F7BC7}.Release|x64.ActiveCfg = Release|x64
		{45F7FB47-7512-4D85-836D-3942062F7BC7}.Release|x64.Build.0 = Release|x64
		{45F7FB47-7512-4D85-836D-3942062F7BC7}.Release|x86.ActiveCfg = Release|Win32
		{45F7FB47-7512-4D85-836D-3942062F7BC7}.Release|x86.Build.0 = Release|Win32
		{34E300CA-E030-4B82-985F-E74EED1D7C6A}.Debug|x64.ActiveCfg = Debug|x64
		{34E300CA-E030-4B82-985F-E74EED1D7C6A}.Debug|x64.Build.0 = Debug|x64
		{34E300CA-E030-4B82-985F-E74EED1D7C6A}.Debug|x86.ActiveCfg = Debug|Win32
		{34E300CA-E030-4B82-985F-E74EED1D7C6A}.Debug|x86.Build.0 = Debug|Win32
		{34E300CA-E030-4B82-985F-E74EED1D7C6A}.Release|x64.ActiveCfg = Release|x64
		{34E300CA-E030-4B82-985F-E74EED1D7C6A}.Release|x64.Build.0 = Release|x64
		{34E300CA-E030-4B82-985F-E74EED1D7C6A}.Release|x86.ActiveCfg = Release|Win32
		{34E300CA-E030-4B82-985F-E74EED1D7C6A}.Release|x86.Build.0 = Release|Win32
		{608114F3-D339-4BA2-B32B-CED896D60983}.Debug|x64.ActiveCfg = Debug|x64
		{608114F3-D339-4BA2-B32B-CED896D60983}.Debug|x64.Build.0 = Debug|x64
		{608114F3-D339-4BA2-B32B-CED896D60983}.Debug|x86.ActiveCfg = Debug|Win32
		{608114F3-D339-4BA2-B32B-CED896D60983}.Debug|x86.Build.0 = Debug|Win32
		{608114F3-D339-4BA2-B32B-CED896D60983}.Release|x64.ActiveCfg = Release|x64
		{608114F3-D339-4BA2-B32B-CED896D60983}.Release|x64.Build.0 = Release|x64
		{608114F3-D339-4BA2-B32B-CED896D60983}.Release|x86.ActiveCfg = Release|Win32
		{608114F3-D339-4BA2-B32B-CED896D60983}.Release|x86.Build.0 = Release|Win32
		{92BACAE9-2DA0-4E5A-ABD7-337F01051962}.Debug|x64.ActiveCfg = Debug|x64
		{92BACAE9-2DA0-4E5A-ABD7-337F01051962}.Debug|x64.Build.0 = Debug|x64
		{92BACAE9-2DA0-4E5A-ABD7-337F01051962}.Debug|x86.ActiveCfg = Debug|Win32
		{92BACAE9-2DA0-4E5A-ABD7-337F01051962}.Debug|x86.Build.0 = Debug|Win32
		{92BACAE9-2DA0-4E5A-ABD7-337F01051962}.Release|x64.ActiveCfg = Release|x64
		{92BACAE9-2DA0-4E5A-ABD7-337F01051962}.Release|x64.Build.0 = Release|x64
		{92BACAE9-2DA0-4E5A-ABD7-337F01051962}.Release|x86.ActiveCfg = Release|Win32
		{92BACAE9-2DA0-4E5A-ABD7-337F01051962}.Release|x86.Build.0 = Release|Win32
		{DFD8BB4C-78F1-409F-B838-9E35E8211B11}.Debug|x64.ActiveCfg = Debug|x64
		{DFD8BB4C-78F1-409F-B838-9E35E8211B11}.Debug|x64.Build.0 = Debug|x64
		{DFD8BB4C-78F1-409F-B838-9E35E8211B11}.Debug|x86.ActiveCfg = Debug|Win32
		{DFD8BB4C-78F1-409F-B838-9E35E8211B11}.Debug|x86.Build.0 = Debug|Win32
		{DFD8BB4C-78F1-409F-B838-9E35E8211B11}.Release|x64.ActiveCfg = Release|x64
		{DFD8BB4C-78F1-409F-B838-9E35E8211B11}.Release|x64.Build.0 = Release|x64
		{DFD8BB4C-78F1-409F-B838-9E35E8211B11}.Release|x86.ActiveCfg = Release|Win32
		{DFD8BB4C-78F1-409F-B838-9E35E8211B11}.Release|x86.Build.0 = Release|Win32
		{D90F9303-6691-49E9-B1F0-F42025236F47}.Debug|x64.ActiveCfg = Debug|x64
		{D90F9303-6691-49E9-B1F0-F42025236F47}.Debug|x64.Build.0 = Debug|x64
		{D90F9303-6691-49E9-B1F0-F42025236F47}.Debug|x86.ActiveCfg = Debug|Win32
		{D90F9303-6691-49E9-B1F0-F42025236F47}.Debug|x86.Build.0 = Debug|Win32
		{D90F9303-6691-49E9-B1F0-F42025236F47}.Release|x64.ActiveCfg = Release|x64
		{D90F9303-6691-49E9-B1F0-F42025236F47}.Release|x64.Build.0 = Release|x64
		{D90F9303-6691-49E9-B1F0-F42025236F47}.Release|x86.ActiveCfg = Release|Win32
		{D90F9303-6691-49E9-B1F0-F42025236F47}.Release|x86.Build.0 = Release|Win32
		{5BF7AAF6-E249-4260-A6DD-99B429EFC03F}.Debug|x64.ActiveCfg = Debug|x64
		{5BF7AAF6-E249-4260-A6DD-99B429EFC03F}.Debug|x64.Build.0 = Debug|x64
		{5BF7AAF6-E249-4260-A6DD-99B429EFC03F}.Debug|x86.ActiveCfg = Debug|Win32
		{5BF7AAF6-E249-4260-A6DD-99B429EFC03F}.Debug|x86.Build.0 = Debug|Win32
		{5BF7AAF6-E249-4260-A6DD-99B429EFC03F}.Release|x64.ActiveCfg = Release|x64
		{5BF7AAF6-E249-4260-A6DD-99B429EFC03F}.Release|x64.Build.0 = Release|x64
		{5BF7AAF6-E249-4260-A6DD-99B429EFC03F}.Release|x86.ActiveCfg = Release|Win32
		{5BF7AAF6-E249-4260-A6DD-99B429EFC03F}.Release|x86.Build.0 = Release|Win32
		{5F4E1F0A-8118-4374-BC9D-D53B7D59A3FF}.Debug|x64.ActiveCfg = Debug|x64
		{5F4E1F0A-8118-4374-BC9D-D53B7D59A3FF}.Debug|x64.Build.0 = Debug|x64
		{5F4E1F0A-8118-4374-BC9D-D53B7D59A3FF}.Debug|x86.ActiveCfg = Debug|Win32
		{5F4E1F0A-8118-4374-BC9D-D53B7D59A3FF}.Debug|x86.Build.0 = Debug|Win32
		{5F4E1F0A-8118-4374-BC9D-D53B7D59A3FF}.Release|x64.ActiveCfg = Release|x64
		{5F4E1F0A-8118-4374-BC9D-D53B7D59A3FF}.Release|x64.Build.0 = Release|x64
		{5F4E1F0A-8118-4374-BC9D-D53B7D59A3FF}.Release|x86.ActiveCfg = Release|Win32
		{5F4E1F0A-8118-4374-BC9D-D53B7D59A3FF}.Release|x86.Build.0 = Release|Win32
		{0F226948-E602-4A75-8B59-83A8B94C32BE}.Debug|x64.ActiveCfg = Debug|x64
		{0F226948-E602-4A75-8B59-83A8B94C32BE}.Debug|x64.Build.0 = Debug|x64
		{0F226948-E602-4A75-8B59-83A8B94C32BE}.Debug|x86.ActiveCfg = Debug|Win32
		{0F226948-E602-4A75-8B59-83A8B94C32BE}.Debug|x86.Build.0 = Debug|Win32
		{0F226948-E602-4A75-8B59-83A8B94C32BE}.Release|x64.ActiveCfg = Release|x64
		{0F226948-E602-4A75-8B59-83A8B94C32BE}.Release|x64.Build.0 = Release|x64
		{0F226948-E602-4A75-8B59-83A8B94C32BE}.Release|x86.ActiveCfg = Release|Win32
		{0F226948-E602-4A75-8B59-83A8B94C32BE}.Release|x86.Build.0 = Release|Win32
		{7691CEE5-06DE-4158-AAE4-FE3CB1B1B0E8}.Debug|x64.ActiveCfg = Debug|x64
		{7691CEE5-06DE-4158-AAE4-FE3CB1B1B0E8}.Debug|x64.Build.0 = Debug|x64
		{7691CEE5-06DE-4158-AAE4-FE3CB1B1B0E8}.Debug|x86.ActiveCfg = Debug|Win32
		{7691CEE5-06DE-4158-AAE4-FE3CB1B1B0E8}.Debug|x86.Build.0 = Debug|Win32
		{7691CEE5-06DE-4158-AAE4-FE3CB1B1B0E8}.Release|x64.ActiveCfg = Release|x64
		{7691CEE5-06DE-4158-AAE4-FE3CB1B1B0E8}.Release|x64.Build.0 = Release|x64
		{7691CEE5-06DE-4158-AAE4-FE3CB1B1B0E8}.Release|x86.ActiveCfg = Release|Win32
		{7691CEE5-06DE-4158-AAE4-FE3CB1B1B0E8}.Release|x86.Build.0 = Release|Win32
	EndGlobalSection
	GlobalSection(SolutionProperties) = preSolution
		HideSolutionNode = FALSE
	EndGlobalSection
	GlobalSection(ExtensibilityGlobals) = postSolution
		SolutionGuid = {F4C4F9D8-CEEE-4A99-ACA1-6B41716BF57A}
	EndGlobalSection
EndGlobal
